Microsoft Visual Studio Solution File, Format Version 11.00
# Visual Studio 2008

Project("{11EFD9AE-6F76-E706-E3F1-B34D97584EBC}") = "Immutable", "Assembly-CSharp.csproj", "{E3C47DDA-5DBE-4863-6616-4FADFA964324}"
EndProject
Global
	GlobalSection(SolutionConfigurationPlatforms) = preSolution
		Debug|Any CPU = Debug|Any CPU
		Release|Any CPU = Release|Any CPU
	EndGlobalSection
	GlobalSection(ProjectConfigurationPlatforms) = postSolution
		{E3C47DDA-5DBE-4863-6616-4FADFA964324}.Debug|Any CPU.ActiveCfg = Debug|Any CPU
		{E3C47DDA-5DBE-4863-6616-4FADFA964324}.Debug|Any CPU.Build.0 = Debug|Any CPU
		{E3C47DDA-5DBE-4863-6616-4FADFA964324}.Release|Any CPU.ActiveCfg = Release|Any CPU
		{E3C47DDA-5DBE-4863-6616-4FADFA964324}.Release|Any CPU.Build.0 = Release|Any CPU
	EndGlobalSection
	GlobalSection(SolutionProperties) = preSolution
		HideSolutionNode = FALSE
	EndGlobalSection
	
EndGlobal
